
Microsoft Visual Studio Solution File, Format Version 12.00
# Visual Studio Version 17
VisualStudioVersion = 17.0.31903.59
MinimumVisualStudioVersion = 10.0.40219.1
Project("{2150E333-8FDC-42A3-9474-1A3956D46DE8}") = "src", "src", "{F230A57E-D353-4760-A082-E4DA23BB9191}"
EndProject
Project("{FAE04EC0-301F-11D3-BF4B-00C04F79EFBC}") = "Academy.Users.API", "src\Academy.Users.API\Academy.Users.API.csproj", "{AD30F990-FD4C-4F59-98BF-FBBB95D3836B}"
EndProject
Project("{FAE04EC0-301F-11D3-BF4B-00C04F79EFBC}") = "Academy.Users.Presentation", "src\Academy.Users.Presentation\Academy.Users.Presentation.csproj", "{9CAEDE1E-5F54-49FC-91B6-18A0C65CA831}"
EndProject
Project("{FAE04EC0-301F-11D3-BF4B-00C04F79EFBC}") = "Academy.Users.Application", "src\Academy.Users.Application\Academy.Users.Application.csproj", "{D1C177C2-EDAB-4E4F-A1D2-7852BC2BBBDE}"
EndProject
Project("{FAE04EC0-301F-11D3-BF4B-00C04F79EFBC}") = "Academy.Users.Infrastructure", "src\Academy.Users.Infrastructure\Academy.Users.Infrastructure.csproj", "{F9AB96FC-0B89-4F65-9B41-2C6E95B21D32}"
EndProject
Project("{FAE04EC0-301F-11D3-BF4B-00C04F79EFBC}") = "Academy.Users.Domain", "src\Academy.Users.Domain\Academy.Users.Domain.csproj", "{3361E9DA-A602-414B-B1E7-88022A04BB50}"
EndProject
Project("{2150E333-8FDC-42A3-9474-1A3956D46DE8}") = "tests", "tests", "{1705C79D-8DB0-42DD-8D62-082C556C7FF5}"
EndProject
Project("{FAE04EC0-301F-11D3-BF4B-00C04F79EFBC}") = "Academy.Users.API.Tests", "tests\Academy.Users.API.Tests\Academy.Users.API.Tests.csproj", "{E1E604FB-99CC-41C2-855E-7CC895390F60}"
EndProject
Project("{FAE04EC0-301F-11D3-BF4B-00C04F79EFBC}") = "Academy.Users.Presentation.Tests", "tests\Academy.Users.Presentation.Tests\Academy.Users.Presentation.Tests.csproj", "{3AFCCCC2-BC9B-48D1-BA7C-991DAFD920EE}"
EndProject
Project("{FAE04EC0-301F-11D3-BF4B-00C04F79EFBC}") = "Academy.Users.Application.Tests", "tests\Academy.Users.Application.Tests\Academy.Users.Application.Tests.csproj", "{80E4A135-B84A-4001-B53F-82745ECFC9A6}"
EndProject
Project("{FAE04EC0-301F-11D3-BF4B-00C04F79EFBC}") = "Academy.Users.Infrastructure.Tests", "tests\Academy.Users.Infrastructure.Tests\Academy.Users.Infrastructure.Tests.csproj", "{F8B99624-0F31-44D3-B713-6FADE7FD8C8F}"
EndProject
Project("{FAE04EC0-301F-11D3-BF4B-00C04F79EFBC}") = "Academy.Users.Domain.Tests", "tests\Academy.Users.Domain.Tests\Academy.Users.Domain.Tests.csproj", "{23B3A48F-24AB-437B-A090-8A9C430B597F}"
EndProject
Global
	GlobalSection(SolutionConfigurationPlatforms) = preSolution
		Debug|Any CPU = Debug|Any CPU
		Release|Any CPU = Release|Any CPU
	EndGlobalSection
	GlobalSection(SolutionProperties) = preSolution
		HideSolutionNode = FALSE
	EndGlobalSection
	GlobalSection(ProjectConfigurationPlatforms) = postSolution
		{AD30F990-FD4C-4F59-98BF-FBBB95D3836B}.Debug|Any CPU.ActiveCfg = Debug|Any CPU
		{AD30F990-FD4C-4F59-98BF-FBBB95D3836B}.Debug|Any CPU.Build.0 = Debug|Any CPU
		{AD30F990-FD4C-4F59-98BF-FBBB95D3836B}.Release|Any CPU.ActiveCfg = Release|Any CPU
		{AD30F990-FD4C-4F59-98BF-FBBB95D3836B}.Release|Any CPU.Build.0 = Release|Any CPU
		{9CAEDE1E-5F54-49FC-91B6-18A0C65CA831}.Debug|Any CPU.ActiveCfg = Debug|Any CPU
		{9CAEDE1E-5F54-49FC-91B6-18A0C65CA831}.Debug|Any CPU.Build.0 = Debug|Any CPU
		{9CAEDE1E-5F54-49FC-91B6-18A0C65CA831}.Release|Any CPU.ActiveCfg = Release|Any CPU
		{9CAEDE1E-5F54-49FC-91B6-18A0C65CA831}.Release|Any CPU.Build.0 = Release|Any CPU
		{D1C177C2-EDAB-4E4F-A1D2-7852BC2BBBDE}.Debug|Any CPU.ActiveCfg = Debug|Any CPU
		{D1C177C2-EDAB-4E4F-A1D2-7852BC2BBBDE}.Debug|Any CPU.Build.0 = Debug|Any CPU
		{D1C177C2-EDAB-4E4F-A1D2-7852BC2BBBDE}.Release|Any CPU.ActiveCfg = Release|Any CPU
		{D1C177C2-EDAB-4E4F-A1D2-7852BC2BBBDE}.Release|Any CPU.Build.0 = Release|Any CPU
		{F9AB96FC-0B89-4F65-9B41-2C6E95B21D32}.Debug|Any CPU.ActiveCfg = Debug|Any CPU
		{F9AB96FC-0B89-4F65-9B41-2C6E95B21D32}.Debug|Any CPU.Build.0 = Debug|Any CPU
		{F9AB96FC-0B89-4F65-9B41-2C6E95B21D32}.Release|Any CPU.ActiveCfg = Release|Any CPU
		{F9AB96FC-0B89-4F65-9B41-2C6E95B21D32}.Release|Any CPU.Build.0 = Release|Any CPU
		{3361E9DA-A602-414B-B1E7-88022A04BB50}.Debug|Any CPU.ActiveCfg = Debug|Any CPU
		{3361E9DA-A602-414B-B1E7-88022A04BB50}.Debug|Any CPU.Build.0 = Debug|Any CPU
		{3361E9DA-A602-414B-B1E7-88022A04BB50}.Release|Any CPU.ActiveCfg = Release|Any CPU
		{3361E9DA-A602-414B-B1E7-88022A04BB50}.Release|Any CPU.Build.0 = Release|Any CPU
		{E1E604FB-99CC-41C2-855E-7CC895390F60}.Debug|Any CPU.ActiveCfg = Debug|Any CPU
		{E1E604FB-99CC-41C2-855E-7CC895390F60}.Debug|Any CPU.Build.0 = Debug|Any CPU
		{E1E604FB-99CC-41C2-855E-7CC895390F60}.Release|Any CPU.ActiveCfg = Release|Any CPU
		{E1E604FB-99CC-41C2-855E-7CC895390F60}.Release|Any CPU.Build.0 = Release|Any CPU
		{3AFCCCC2-BC9B-48D1-BA7C-991DAFD920EE}.Debug|Any CPU.ActiveCfg = Debug|Any CPU
		{3AFCCCC2-BC9B-48D1-BA7C-991DAFD920EE}.Debug|Any CPU.Build.0 = Debug|Any CPU
		{3AFCCCC2-BC9B-48D1-BA7C-991DAFD920EE}.Release|Any CPU.ActiveCfg = Release|Any CPU
		{3AFCCCC2-BC9B-48D1-BA7C-991DAFD920EE}.Release|Any CPU.Build.0 = Release|Any CPU
		{80E4A135-B84A-4001-B53F-82745ECFC9A6}.Debug|Any CPU.ActiveCfg = Debug|Any CPU
		{80E4A135-B84A-4001-B53F-82745ECFC9A6}.Debug|Any CPU.Build.0 = Debug|Any CPU
		{80E4A135-B84A-4001-B53F-82745ECFC9A6}.Release|Any CPU.ActiveCfg = Release|Any CPU
		{80E4A135-B84A-4001-B53F-82745ECFC9A6}.Release|Any CPU.Build.0 = Release|Any CPU
		{F8B99624-0F31-44D3-B713-6FADE7FD8C8F}.Debug|Any CPU.ActiveCfg = Debug|Any CPU
		{F8B99624-0F31-44D3-B713-6FADE7FD8C8F}.Debug|Any CPU.Build.0 = Debug|Any CPU
		{F8B99624-0F31-44D3-B713-6FADE7FD8C8F}.Release|Any CPU.ActiveCfg = Release|Any CPU
		{F8B99624-0F31-44D3-B713-6FADE7FD8C8F}.Release|Any CPU.Build.0 = Release|Any CPU
		{23B3A48F-24AB-437B-A090-8A9C430B597F}.Debug|Any CPU.ActiveCfg = Debug|Any CPU
		{23B3A48F-24AB-437B-A090-8A9C430B597F}.Debug|Any CPU.Build.0 = Debug|Any CPU
		{23B3A48F-24AB-437B-A090-8A9C430B597F}.Release|Any CPU.ActiveCfg = Release|Any CPU
		{23B3A48F-24AB-437B-A090-8A9C430B597F}.Release|Any CPU.Build.0 = Release|Any CPU
	EndGlobalSection
	GlobalSection(NestedProjects) = preSolution
		{AD30F990-FD4C-4F59-98BF-FBBB95D3836B} = {F230A57E-D353-4760-A082-E4DA23BB9191}
		{9CAEDE1E-5F54-49FC-91B6-18A0C65CA831} = {F230A57E-D353-4760-A082-E4DA23BB9191}
		{D1C177C2-EDAB-4E4F-A1D2-7852BC2BBBDE} = {F230A57E-D353-4760-A082-E4DA23BB9191}
		{F9AB96FC-0B89-4F65-9B41-2C6E95B21D32} = {F230A57E-D353-4760-A082-E4DA23BB9191}
		{3361E9DA-A602-414B-B1E7-88022A04BB50} = {F230A57E-D353-4760-A082-E4DA23BB9191}
		{E1E604FB-99CC-41C2-855E-7CC895390F60} = {1705C79D-8DB0-42DD-8D62-082C556C7FF5}
		{3AFCCCC2-BC9B-48D1-BA7C-991DAFD920EE} = {1705C79D-8DB0-42DD-8D62-082C556C7FF5}
		{80E4A135-B84A-4001-B53F-82745ECFC9A6} = {1705C79D-8DB0-42DD-8D62-082C556C7FF5}
		{F8B99624-0F31-44D3-B713-6FADE7FD8C8F} = {1705C79D-8DB0-42DD-8D62-082C556C7FF5}
		{23B3A48F-24AB-437B-A090-8A9C430B597F} = {1705C79D-8DB0-42DD-8D62-082C556C7FF5}
	EndGlobalSection
EndGlobal
